// !$*UTF8*$!
{
	archiveVersion = 1;
	classes = {
	};
	objectVersion = 50;
	objects = {

/* Begin PBXBuildFile section */
		31E5810B2509F9D9000BFD79 /* AppDelegate.swift in Sources */ = {isa = PBXBuildFile; fileRef = 31E5810A2509F9D9000BFD79 /* AppDelegate.swift */; };
		31E5810D2509F9D9000BFD79 /* SceneDelegate.swift in Sources */ = {isa = PBXBuildFile; fileRef = 31E5810C2509F9D9000BFD79 /* SceneDelegate.swift */; };
		31E5810F2509F9D9000BFD79 /* ViewController.swift in Sources */ = {isa = PBXBuildFile; fileRef = 31E5810E2509F9D9000BFD79 /* ViewController.swift */; };
		31E581122509F9D9000BFD79 /* Main.storyboard in Resources */ = {isa = PBXBuildFile; fileRef = 31E581102509F9D9000BFD79 /* Main.storyboard */; };
		31E581142509F9DB000BFD79 /* Assets.xcassets in Resources */ = {isa = PBXBuildFile; fileRef = 31E581132509F9DB000BFD79 /* Assets.xcassets */; };
		31E581172509F9DB000BFD79 /* LaunchScreen.storyboard in Resources */ = {isa = PBXBuildFile; fileRef = 31E581152509F9DB000BFD79 /* LaunchScreen.storyboard */; };
		31E581222509F9DB000BFD79 /* MemopadTests.swift in Sources */ = {isa = PBXBuildFile; fileRef = 31E581212509F9DB000BFD79 /* MemopadTests.swift */; };
		31E5812D2509F9DB000BFD79 /* MemopadUITests.swift in Sources */ = {isa = PBXBuildFile; fileRef = 31E5812C2509F9DB000BFD79 /* MemopadUITests.swift */; };
/* End PBXBuildFile section */

/* Begin PBXContainerItemProxy section */
		31E5811E2509F9DB000BFD79 /* PBXContainerItemProxy */ = {
			isa = PBXContainerItemProxy;
			containerPortal = 31E580FF2509F9D9000BFD79 /* Project object */;
			proxyType = 1;
			remoteGlobalIDString = 31E581062509F9D9000BFD79;
			remoteInfo = Memopad;
		};
		31E581292509F9DB000BFD79 /* PBXContainerItemProxy */ = {
			isa = PBXContainerItemProxy;
			containerPortal = 31E580FF2509F9D9000BFD79 /* Project object */;
			proxyType = 1;
			remoteGlobalIDString = 31E581062509F9D9000BFD79;
			remoteInfo = Memopad;
		};
/* End PBXContainerItemProxy section */

/* Begin PBXFileReference section */
		31E581072509F9D9000BFD79 /* Memopad.app */ = {isa = PBXFileReference; explicitFileType = wrapper.application; includeInIndex = 0; path = Memopad.app; sourceTree = BUILT_PRODUCTS_DIR; };
		31E5810A2509F9D9000BFD79 /* AppDelegate.swift */ = {isa = PBXFileReference; lastKnownFileType = sourcecode.swift; path = AppDelegate.swift; sourceTree = "<group>"; };
		31E5810C2509F9D9000BFD79 /* SceneDelegate.swift */ = {isa = PBXFileReference; lastKnownFileType = sourcecode.swift; path = SceneDelegate.swift; sourceTree = "<group>"; };
		31E5810E2509F9D9000BFD79 /* ViewController.swift */ = {isa = PBXFileReference; lastKnownFileType = sourcecode.swift; path = ViewController.swift; sourceTree = "<group>"; };
		31E581112509F9D9000BFD79 /* Base */ = {isa = PBXFileReference; lastKnownFileType = file.storyboard; name = Base; path = Base.lproj/Main.storyboard; sourceTree = "<group>"; };
		31E581132509F9DB000BFD79 /* Assets.xcassets */ = {isa = PBXFileReference; lastKnownFileType = folder.assetcatalog; path = Assets.xcassets; sourceTree = "<group>"; };
		31E581162509F9DB000BFD79 /* Base */ = {isa = PBXFileReference; lastKnownFileType = file.storyboard; name = Base; path = Base.lproj/LaunchScreen.storyboard; sourceTree = "<group>"; };
		31E581182509F9DB000BFD79 /* Info.plist */ = {isa = PBXFileReference; lastKnownFileType = text.plist.xml; path = Info.plist; sourceTree = "<group>"; };
		31E5811D2509F9DB000BFD79 /* MemopadTests.xctest */ = {isa = PBXFileReference; explicitFileType = wrapper.cfbundle; includeInIndex = 0; path = MemopadTests.xctest; sourceTree = BUILT_PRODUCTS_DIR; };
		31E581212509F9DB000BFD79 /* MemopadTests.swift */ = {isa = PBXFileReference; lastKnownFileType = sourcecode.swift; path = MemopadTests.swift; sourceTree = "<group>"; };
		31E581232509F9DB000BFD79 /* Info.plist */ = {isa = PBXFileReference; lastKnownFileType = text.plist.xml; path = Info.plist; sourceTree = "<group>"; };
		31E581282509F9DB000BFD79 /* MemopadUITests.xctest */ = {isa = PBXFileReference; explicitFileType = wrapper.cfbundle; includeInIndex = 0; path = MemopadUITests.xctest; sourceTree = BUILT_PRODUCTS_DIR; };
		31E5812C2509F9DB000BFD79 /* MemopadUITests.swift */ = {isa = PBXFileReference; lastKnownFileType = sourcecode.swift; path = MemopadUITests.swift; sourceTree = "<group>"; };
		31E5812E2509F9DB000BFD79 /* Info.plist */ = {isa = PBXFileReference; lastKnownFileType = text.plist.xml; path = Info.plist; sourceTree = "<group>"; };
/* End PBXFileReference section */

/* Begin PBXFrameworksBuildPhase section */
		31E581042509F9D9000BFD79 /* Frameworks */ = {
			isa = PBXFrameworksBuildPhase;
			buildActionMask = 2147483647;
			files = (
			);
			runOnlyForDeploymentPostprocessing = 0;
		};
		31E5811A2509F9DB000BFD79 /* Frameworks */ = {
			isa = PBXFrameworksBuildPhase;
			buildActionMask = 2147483647;
			files = (
			);
			runOnlyForDeploymentPostprocessing = 0;
		};
		31E581252509F9DB000BFD79 /* Frameworks */ = {
			isa = PBXFrameworksBuildPhase;
			buildActionMask = 2147483647;
			files = (
			);
			runOnlyForDeploymentPostprocessing = 0;
		};
/* End PBXFrameworksBuildPhase section */

/* Begin PBXGroup section */
		31E580FE2509F9D9000BFD79 = {
			isa = PBXGroup;
			children = (
				31E581092509F9D9000BFD79 /* Memopad */,
				31E581202509F9DB000BFD79 /* MemopadTests */,
				31E5812B2509F9DB000BFD79 /* MemopadUITests */,
				31E581082509F9D9000BFD79 /* Products */,
			);
			sourceTree = "<group>";
		};
		31E581082509F9D9000BFD79 /* Products */ = {
			isa = PBXGroup;
			children = (
				31E581072509F9D9000BFD79 /* Memopad.app */,
				31E5811D2509F9DB000BFD79 /* MemopadTests.xctest */,
				31E581282509F9DB000BFD79 /* MemopadUITests.xctest */,
			);
			name = Products;
			sourceTree = "<group>";
		};
		31E581092509F9D9000BFD79 /* Memopad */ = {
			isa = PBXGroup;
			children = (
				31E5810A2509F9D9000BFD79 /* AppDelegate.swift */,
				31E5810C2509F9D9000BFD79 /* SceneDelegate.swift */,
				31E5810E2509F9D9000BFD79 /* ViewController.swift */,
				31E581102509F9D9000BFD79 /* Main.storyboard */,
				31E581132509F9DB000BFD79 /* Assets.xcassets */,
				31E581152509F9DB000BFD79 /* LaunchScreen.storyboard */,
				31E581182509F9DB000BFD79 /* Info.plist */,
			);
			path = Memopad;
			sourceTree = "<group>";
		};
		31E581202509F9DB000BFD79 /* MemopadTests */ = {
			isa = PBXGroup;
			children = (
				31E581212509F9DB000BFD79 /* MemopadTests.swift */,
				31E581232509F9DB000BFD79 /* Info.plist */,
			);
			path = MemopadTests;
			sourceTree = "<group>";
		};
		31E5812B2509F9DB000BFD79 /* MemopadUITests */ = {
			isa = PBXGroup;
			children = (
				31E5812C2509F9DB000BFD79 /* MemopadUITests.swift */,
				31E5812E2509F9DB000BFD79 /* Info.plist */,
			);
			path = MemopadUITests;
			sourceTree = "<group>";
		};
/* End PBXGroup section */

/* Begin PBXNativeTarget section */
		31E581062509F9D9000BFD79 /* Memopad */ = {
			isa = PBXNativeTarget;
			buildConfigurationList = 31E581312509F9DB000BFD79 /* Build configuration list for PBXNativeTarget "Memopad" */;
			buildPhases = (
				31E581032509F9D9000BFD79 /* Sources */,
				31E581042509F9D9000BFD79 /* Frameworks */,
				31E581052509F9D9000BFD79 /* Resources */,
			);
			buildRules = (
			);
			dependencies = (
			);
			name = Memopad;
			productName = Memopad;
			productReference = 31E581072509F9D9000BFD79 /* Memopad.app */;
			productType = "com.apple.product-type.application";
		};
		31E5811C2509F9DB000BFD79 /* MemopadTests */ = {
			isa = PBXNativeTarget;
			buildConfigurationList = 31E581342509F9DB000BFD79 /* Build configuration list for PBXNativeTarget "MemopadTests" */;
			buildPhases = (
				31E581192509F9DB000BFD79 /* Sources */,
				31E5811A2509F9DB000BFD79 /* Frameworks */,
				31E5811B2509F9DB000BFD79 /* Resources */,
			);
			buildRules = (
			);
			dependencies = (
				31E5811F2509F9DB000BFD79 /* PBXTargetDependency */,
			);
			name = MemopadTests;
			productName = MemopadTests;
			productReference = 31E5811D2509F9DB000BFD79 /* MemopadTests.xctest */;
			productType = "com.apple.product-type.bundle.unit-test";
		};
		31E581272509F9DB000BFD79 /* MemopadUITests */ = {
			isa = PBXNativeTarget;
			buildConfigurationList = 31E581372509F9DB000BFD79 /* Build configuration list for PBXNativeTarget "MemopadUITests" */;
			buildPhases = (
				31E581242509F9DB000BFD79 /* Sources */,
				31E581252509F9DB000BFD79 /* Frameworks */,
				31E581262509F9DB000BFD79 /* Resources */,
			);
			buildRules = (
			);
			dependencies = (
				31E5812A2509F9DB000BFD79 /* PBXTargetDependency */,
			);
			name = MemopadUITests;
			productName = MemopadUITests;
			productReference = 31E581282509F9DB000BFD79 /* MemopadUITests.xctest */;
			productType = "com.apple.product-type.bundle.ui-testing";
		};
/* End PBXNativeTarget section */

/* Begin PBXProject section */
		31E580FF2509F9D9000BFD79 /* Project object */ = {
			isa = PBXProject;
			attributes = {
				LastSwiftUpdateCheck = 1170;
				LastUpgradeCheck = 1170;
				ORGANIZATIONNAME = com.litech;
				TargetAttributes = {
					31E581062509F9D9000BFD79 = {
						CreatedOnToolsVersion = 11.7;
					};
					31E5811C2509F9DB000BFD79 = {
						CreatedOnToolsVersion = 11.7;
						TestTargetID = 31E581062509F9D9000BFD79;
					};
					31E581272509F9DB000BFD79 = {
						CreatedOnToolsVersion = 11.7;
						TestTargetID = 31E581062509F9D9000BFD79;
					};
				};
			};
			buildConfigurationList = 31E581022509F9D9000BFD79 /* Build configuration list for PBXProject "Memopad" */;
			compatibilityVersion = "Xcode 9.3";
			developmentRegion = en;
			hasScannedForEncodings = 0;
			knownRegions = (
				en,
				Base,
			);
			mainGroup = 31E580FE2509F9D9000BFD79;
			productRefGroup = 31E581082509F9D9000BFD79 /* Products */;
			projectDirPath = "";
			projectRoot = "";
			targets = (
				31E581062509F9D9000BFD79 /* Memopad */,
				31E5811C2509F9DB000BFD79 /* MemopadTests */,
				31E581272509F9DB000BFD79 /* MemopadUITests */,
			);
		};
/* End PBXProject section */

/* Begin PBXResourcesBuildPhase section */
		31E581052509F9D9000BFD79 /* Resources */ = {
			isa = PBXResourcesBuildPhase;
			buildActionMask = 2147483647;
			files = (
				31E581172509F9DB000BFD79 /* LaunchScreen.storyboard in Resources */,
				31E581142509F9DB000BFD79 /* Assets.xcassets in Resources */,
				31E581122509F9D9000BFD79 /* Main.storyboard in Resources */,
			);
			runOnlyForDeploymentPostprocessing = 0;
		};
		31E5811B2509F9DB000BFD79 /* Resources */ = {
			isa = PBXResourcesBuildPhase;
			buildActionMask = 2147483647;
			files = (
			);
			runOnlyForDeploymentPostprocessing = 0;
		};
		31E581262509F9DB000BFD79 /* Resources */ = {
			isa = PBXResourcesBuildPhase;
			buildActionMask = 2147483647;
			files = (
			);
			runOnlyForDeploymentPostprocessing = 0;
		};
/* End PBXResourcesBuildPhase section */

/* Begin PBXSourcesBuildPhase section */
		31E581032509F9D9000BFD79 /* Sources */ = {
			isa = PBXSourcesBuildPhase;
			buildActionMask = 2147483647;
			files = (
				31E5810F2509F9D9000BFD79 /* ViewController.swift in Sources */,
				31E5810B2509F9D9000BFD79 /* AppDelegate.swift in Sources */,
				31E5810D2509F9D9000BFD79 /* SceneDelegate.swift in Sources */,
			);
			runOnlyForDeploymentPostprocessing = 0;
		};
		31E581192509F9DB000BFD79 /* Sources */ = {
			isa = PBXSourcesBuildPhase;
			buildActionMask = 2147483647;
			files = (
				31E581222509F9DB000BFD79 /* MemopadTests.swift in Sources */,
			);
			runOnlyForDeploymentPostprocessing = 0;
		};
		31E581242509F9DB000BFD79 /* Sources */ = {
			isa = PBXSourcesBuildPhase;
			buildActionMask = 2147483647;
			files = (
				31E5812D2509F9DB000BFD79 /* MemopadUITests.swift in Sources */,
			);
			runOnlyForDeploymentPostprocessing = 0;
		};
/* End PBXSourcesBuildPhase section */

/* Begin PBXTargetDependency section */
		31E5811F2509F9DB000BFD79 /* PBXTargetDependency */ = {
			isa = PBXTargetDependency;
			target = 31E581062509F9D9000BFD79 /* Memopad */;
			targetProxy = 31E5811E2509F9DB000BFD79 /* PBXContainerItemProxy */;
		};
		31E5812A2509F9DB000BFD79 /* PBXTargetDependency */ = {
			isa = PBXTargetDependency;
			target = 31E581062509F9D9000BFD79 /* Memopad */;
			targetProxy = 31E581292509F9DB000BFD79 /* PBXContainerItemProxy */;
		};
/* End PBXTargetDependency section */

/* Begin PBXVariantGroup section */
		31E581102509F9D9000BFD79 /* Main.storyboard */ = {
			isa = PBXVariantGroup;
			children = (
				31E581112509F9D9000BFD79 /* Base */,
			);
			name = Main.storyboard;
			sourceTree = "<group>";
		};
		31E581152509F9DB000BFD79 /* LaunchScreen.storyboard */ = {
			isa = PBXVariantGroup;
			children = (
				31E581162509F9DB000BFD79 /* Base */,
			);
			name = LaunchScreen.storyboard;
			sourceTree = "<group>";
		};
/* End PBXVariantGroup section */

/* Begin XCBuildConfiguration section */
		31E5812F2509F9DB000BFD79 /* Debug */ = {
			isa = XCBuildConfiguration;
			buildSettings = {
				ALWAYS_SEARCH_USER_PATHS = NO;
				CLANG_ANALYZER_NONNULL = YES;
				CLANG_ANALYZER_NUMBER_OBJECT_CONVERSION = YES_AGGRESSIVE;
				CLANG_CXX_LANGUAGE_STANDARD = "gnu++14";
				CLANG_CXX_LIBRARY = "libc++";
				CLANG_ENABLE_MODULES = YES;
				CLANG_ENABLE_OBJC_ARC = YES;
				CLANG_ENABLE_OBJC_WEAK = YES;
				CLANG_WARN_BLOCK_CAPTURE_AUTORELEASING = YES;
				CLANG_WARN_BOOL_CONVERSION = YES;
				CLANG_WARN_COMMA = YES;
				CLANG_WARN_CONSTANT_CONVERSION = YES;
				CLANG_WARN_DEPRECATED_OBJC_IMPLEMENTATIONS = YES;
				CLANG_WARN_DIRECT_OBJC_ISA_USAGE = YES_ERROR;
				CLANG_WARN_DOCUMENTATION_COMMENTS = YES;
				CLANG_WARN_EMPTY_BODY = YES;
				CLANG_WARN_ENUM_CONVERSION = YES;
				CLANG_WARN_INFINITE_RECURSION = YES;
				CLANG_WARN_INT_CONVERSION = YES;
				CLANG_WARN_NON_LITERAL_NULL_CONVERSION = YES;
				CLANG_WARN_OBJC_IMPLICIT_RETAIN_SELF = YES;
				CLANG_WARN_OBJC_LITERAL_CONVERSION = YES;
				CLANG_WARN_OBJC_ROOT_CLASS = YES_ERROR;
				CLANG_WARN_RANGE_LOOP_ANALYSIS = YES;
				CLANG_WARN_STRICT_PROTOTYPES = YES;
				CLANG_WARN_SUSPICIOUS_MOVE = YES;
				CLANG_WARN_UNGUARDED_AVAILABILITY = YES_AGGRESSIVE;
				CLANG_WARN_UNREACHABLE_CODE = YES;
				CLANG_WARN__DUPLICATE_METHOD_MATCH = YES;
				COPY_PHASE_STRIP = NO;
				DEBUG_INFORMATION_FORMAT = dwarf;
				ENABLE_STRICT_OBJC_MSGSEND = YES;
				ENABLE_TESTABILITY = YES;
				GCC_C_LANGUAGE_STANDARD = gnu11;
				GCC_DYNAMIC_NO_PIC = NO;
				GCC_NO_COMMON_BLOCKS = YES;
				GCC_OPTIMIZATION_LEVEL = 0;
				GCC_PREPROCESSOR_DEFINITIONS = (
					"DEBUG=1",
					"$(inherited)",
				);
				GCC_WARN_64_TO_32_BIT_CONVERSION = YES;
				GCC_WARN_ABOUT_RETURN_TYPE = YES_ERROR;
				GCC_WARN_UNDECLARED_SELECTOR = YES;
				GCC_WARN_UNINITIALIZED_AUTOS = YES_AGGRESSIVE;
				GCC_WARN_UNUSED_FUNCTION = YES;
				GCC_WARN_UNUSED_VARIABLE = YES;
				IPHONEOS_DEPLOYMENT_TARGET = 13.7;
				MTL_ENABLE_DEBUG_INFO = INCLUDE_SOURCE;
				MTL_FAST_MATH = YES;
				ONLY_ACTIVE_ARCH = YES;
				SDKROOT = iphoneos;
				SWIFT_ACTIVE_COMPILATION_CONDITIONS = DEBUG;
				SWIFT_OPTIMIZATION_LEVEL = "-Onone";
			};
			name = Debug;
		};
		31E581302509F9DB000BFD79 /* Release */ = {
			isa = XCBuildConfiguration;
			buildSettings = {
				ALWAYS_SEARCH_USER_PATHS = NO;
				CLANG_ANALYZER_NONNULL = YES;
				CLANG_ANALYZER_NUMBER_OBJECT_CONVERSION = YES_AGGRESSIVE;
				CLANG_CXX_LANGUAGE_STANDARD = "gnu++14";
				CLANG_CXX_LIBRARY = "libc++";
				CLANG_ENABLE_MODULES = YES;
				CLANG_ENABLE_OBJC_ARC = YES;
				CLANG_ENABLE_OBJC_WEAK = YES;
				CLANG_WARN_BLOCK_CAPTURE_AUTORELEASING = YES;
				CLANG_WARN_BOOL_CONVERSION = YES;
				CLANG_WARN_COMMA = YES;
				CLANG_WARN_CONSTANT_CONVERSION = YES;
				CLANG_WARN_DEPRECATED_OBJC_IMPLEMENTATIONS = YES;
				CLANG_WARN_DIRECT_OBJC_ISA_USAGE = YES_ERROR;
				CLANG_WARN_DOCUMENTATION_COMMENTS = YES;
				CLANG_WARN_EMPTY_BODY = YES;
				CLANG_WARN_ENUM_CONVERSION = YES;
				CLANG_WARN_INFINITE_RECURSION = YES;
				CLANG_WARN_INT_CONVERSION = YES;
				CLANG_WARN_NON_LITERAL_NULL_CONVERSION = YES;
				CLANG_WARN_OBJC_IMPLICIT_RETAIN_SELF = YES;
				CLANG_WARN_OBJC_LITERAL_CONVERSION = YES;
				CLANG_WARN_OBJC_ROOT_CLASS = YES_ERROR;
				CLANG_WARN_RANGE_LOOP_ANALYSIS = YES;
				CLANG_WARN_STRICT_PROTOTYPES = YES;
				CLANG_WARN_SUSPICIOUS_MOVE = YES;
				CLANG_WARN_UNGUARDED_AVAILABILITY = YES_AGGRESSIVE;
				CLANG_WARN_UNREACHABLE_CODE = YES;
				CLANG_WARN__DUPLICATE_METHOD_MATCH = YES;
				COPY_PHASE_STRIP = NO;
				DEBUG_INFORMATION_FORMAT = "dwarf-with-dsym";
				ENABLE_NS_ASSERTIONS = NO;
				ENABLE_STRICT_OBJC_MSGSEND = YES;
				GCC_C_LANGUAGE_STANDARD = gnu11;
				GCC_NO_COMMON_BLOCKS = YES;
				GCC_WARN_64_TO_32_BIT_CONVERSION = YES;
				GCC_WARN_ABOUT_RETURN_TYPE = YES_ERROR;
				GCC_WARN_UNDECLARED_SELECTOR = YES;
				GCC_WARN_UNINITIALIZED_AUTOS = YES_AGGRESSIVE;
				GCC_WARN_UNUSED_FUNCTION = YES;
				GCC_WARN_UNUSED_VARIABLE = YES;
				IPHONEOS_DEPLOYMENT_TARGET = 13.7;
				MTL_ENABLE_DEBUG_INFO = NO;
				MTL_FAST_MATH = YES;
				SDKROOT = iphoneos;
				SWIFT_COMPILATION_MODE = wholemodule;
				SWIFT_OPTIMIZATION_LEVEL = "-O";
				VALIDATE_PRODUCT = YES;
			};
			name = Release;
		};
		31E581322509F9DB000BFD79 /* Debug */ = {
			isa = XCBuildConfiguration;
			buildSettings = {
				ASSETCATALOG_COMPILER_APPICON_NAME = AppIcon;
				CODE_SIGN_STYLE = Automatic;
				INFOPLIST_FILE = Memopad/Info.plist;
				LD_RUNPATH_SEARCH_PATHS = (
					"$(inherited)",
					"@executable_path/Frameworks",
				);
				PRODUCT_BUNDLE_IDENTIFIER = com.litech.Memopad;
				PRODUCT_NAME = "$(TARGET_NAME)";
				SWIFT_VERSION = 5.0;
				TARGETED_DEVICE_FAMILY = "1,2";
			};
			name = Debug;
		};
		31E581332509F9DB000BFD79 /* Release */ = {
			isa = XCBuildConfiguration;
			buildSettings = {
				ASSETCATALOG_COMPILER_APPICON_NAME = AppIcon;
				CODE_SIGN_STYLE = Automatic;
				INFOPLIST_FILE = Memopad/Info.plist;
				LD_RUNPATH_SEARCH_PATHS = (
					"$(inherited)",
					"@executable_path/Frameworks",
				);
				PRODUCT_BUNDLE_IDENTIFIER = com.litech.Memopad;
				PRODUCT_NAME = "$(TARGET_NAME)";
				SWIFT_VERSION = 5.0;
				TARGETED_DEVICE_FAMILY = "1,2";
			};
			name = Release;
		};
		31E581352509F9DB000BFD79 /* Debug */ = {
			isa = XCBuildConfiguration;
			buildSettings = {
				ALWAYS_EMBED_SWIFT_STANDARD_LIBRARIES = YES;
				BUNDLE_LOADER = "$(TEST_HOST)";
				CODE_SIGN_STYLE = Automatic;
				INFOPLIST_FILE = MemopadTests/Info.plist;
				IPHONEOS_DEPLOYMENT_TARGET = 13.7;
				LD_RUNPATH_SEARCH_PATHS = (
					"$(inherited)",
					"@executable_path/Frameworks",
					"@loader_path/Frameworks",
				);
				PRODUCT_BUNDLE_IDENTIFIER = com.litech.MemopadTests;
				PRODUCT_NAME = "$(TARGET_NAME)";
				SWIFT_VERSION = 5.0;
				TARGETED_DEVICE_FAMILY = "1,2";
				TEST_HOST = "$(BUILT_PRODUCTS_DIR)/Memopad.app/Memopad";
			};
			name = Debug;
		};
		31E581362509F9DB000BFD79 /* Release */ = {
			isa = XCBuildConfiguration;
			buildSettings = {
				ALWAYS_EMBED_SWIFT_STANDARD_LIBRARIES = YES;
				BUNDLE_LOADER = "$(TEST_HOST)";
				CODE_SIGN_STYLE = Automatic;
				INFOPLIST_FILE = MemopadTests/Info.plist;
				IPHONEOS_DEPLOYMENT_TARGET = 13.7;
				LD_RUNPATH_SEARCH_PATHS = (
					"$(inherited)",
					"@executable_path/Frameworks",
					"@loader_path/Frameworks",
				);
				PRODUCT_BUNDLE_IDENTIFIER = com.litech.MemopadTests;
				PRODUCT_NAME = "$(TARGET_NAME)";
				SWIFT_VERSION = 5.0;
				TARGETED_DEVICE_FAMILY = "1,2";
				TEST_HOST = "$(BUILT_PRODUCTS_DIR)/Memopad.app/Memopad";
			};
			name = Release;
		};
		31E581382509F9DB000BFD79 /* Debug */ = {
			isa = XCBuildConfiguration;
			buildSettings = {
				ALWAYS_EMBED_SWIFT_STANDARD_LIBRARIES = YES;
				CODE_SIGN_STYLE = Automatic;
				INFOPLIST_FILE = MemopadUITests/Info.plist;
				LD_RUNPATH_SEARCH_PATHS = (
					"$(inherited)",
					"@executable_path/Frameworks",
					"@loader_path/Frameworks",
				);
				PRODUCT_BUNDLE_IDENTIFIER = com.litech.MemopadUITests;
				PRODUCT_NAME = "$(TARGET_NAME)";
				SWIFT_VERSION = 5.0;
				TARGETED_DEVICE_FAMILY = "1,2";
				TEST_TARGET_NAME = Memopad;
			};
			name = Debug;
		};
		31E581392509F9DB000BFD79 /* Release */ = {
			isa = XCBuildConfiguration;
			buildSettings = {
				ALWAYS_EMBED_SWIFT_STANDARD_LIBRARIES = YES;
				CODE_SIGN_STYLE = Automatic;
				INFOPLIST_FILE = MemopadUITests/Info.plist;
				LD_RUNPATH_SEARCH_PATHS = (
					"$(inherited)",
					"@executable_path/Frameworks",
					"@loader_path/Frameworks",
				);
				PRODUCT_BUNDLE_IDENTIFIER = com.litech.MemopadUITests;
				PRODUCT_NAME = "$(TARGET_NAME)";
				SWIFT_VERSION = 5.0;
				TARGETED_DEVICE_FAMILY = "1,2";
				TEST_TARGET_NAME = Memopad;
			};
			name = Release;
		};
/* End XCBuildConfiguration section */

/* Begin XCConfigurationList section */
		31E581022509F9D9000BFD79 /* Build configuration list for PBXProject "Memopad" */ = {
			isa = XCConfigurationList;
			buildConfigurations = (
				31E5812F2509F9DB000BFD79 /* Debug */,
				31E581302509F9DB000BFD79 /* Release */,
			);
			defaultConfigurationIsVisible = 0;
			defaultConfigurationName = Release;
		};
		31E581312509F9DB000BFD79 /* Build configuration list for PBXNativeTarget "Memopad" */ = {
			isa = XCConfigurationList;
			buildConfigurations = (
				31E581322509F9DB000BFD79 /* Debug */,
				31E581332509F9DB000BFD79 /* Release */,
			);
			defaultConfigurationIsVisible = 0;
			defaultConfigurationName = Release;
		};
		31E581342509F9DB000BFD79 /* Build configuration list for PBXNativeTarget "MemopadTests" */ = {
			isa = XCConfigurationList;
			buildConfigurations = (
				31E581352509F9DB000BFD79 /* Debug */,
				31E581362509F9DB000BFD79 /* Release */,
			);
			defaultConfigurationIsVisible = 0;
			defaultConfigurationName = Release;
		};
		31E581372509F9DB000BFD79 /* Build configuration list for PBXNativeTarget "MemopadUITests" */ = {
			isa = XCConfigurationList;
			buildConfigurations = (
				31E581382509F9DB000BFD79 /* Debug */,
				31E581392509F9DB000BFD79 /* Release */,
			);
			defaultConfigurationIsVisible = 0;
			defaultConfigurationName = Release;
		};
/* End XCConfigurationList section */
	};
	rootObject = 31E580FF2509F9D9000BFD79 /* Project object */;
}
